// !$*UTF8*$!
{
	archiveVersion = 1;
	classes = {
	};
	objectVersion = 52;
	objects = {

/* Begin PBXBuildFile section */
		E21AEC2B2556E1D000A85639 /* JobClient.swift in Sources */ = {isa = PBXBuildFile; fileRef = E21AEC2A2556E1D000A85639 /* JobClient.swift */; };
		E21AEC332556E1E600A85639 /* JobProvider.swift in Sources */ = {isa = PBXBuildFile; fileRef = E21AEC322556E1E600A85639 /* JobProvider.swift */; };
		E21AEC382556E35100A85639 /* JobsViewModel.swift in Sources */ = {isa = PBXBuildFile; fileRef = E21AEC372556E35100A85639 /* JobsViewModel.swift */; };
		E21AEC3E2556E3B800A85639 /* JobClientProtocol.swift in Sources */ = {isa = PBXBuildFile; fileRef = E21AEC3D2556E3B700A85639 /* JobClientProtocol.swift */; };
		E23930DE25585D8000E7C4ED /* JobDetailTests.swift in Sources */ = {isa = PBXBuildFile; fileRef = E23930DD25585D8000E7C4ED /* JobDetailTests.swift */; };
		E2609A36255836E5008002BA /* JobDetailHeaderViewModel.swift in Sources */ = {isa = PBXBuildFile; fileRef = E2609A35255836E5008002BA /* JobDetailHeaderViewModel.swift */; };
		E261EF2A28A30F3400F577AD /* UIViewController+Theme.swift in Sources */ = {isa = PBXBuildFile; fileRef = E261EF2928A30F3400F577AD /* UIViewController+Theme.swift */; };
		E261F94A25583CBA00DBC582 /* BackgroundCurvedView.swift in Sources */ = {isa = PBXBuildFile; fileRef = E261F94925583CBA00DBC582 /* BackgroundCurvedView.swift */; };
		E2641BD22557AA9100675868 /* JobDetailViewState.swift in Sources */ = {isa = PBXBuildFile; fileRef = E2641BD12557AA9100675868 /* JobDetailViewState.swift */; };
		E2641BD72557C04900675868 /* String+HTML.swift in Sources */ = {isa = PBXBuildFile; fileRef = E2641BD62557C04900675868 /* String+HTML.swift */; };
		E2641BE92557C55500675868 /* UIImageView+Kingfisher.swift in Sources */ = {isa = PBXBuildFile; fileRef = E2641BE82557C55500675868 /* UIImageView+Kingfisher.swift */; };
		E2641BF22557C82900675868 /* Localizable.strings in Resources */ = {isa = PBXBuildFile; fileRef = E2641BF42557C82900675868 /* Localizable.strings */; };
		E2641BFD2557C8AE00675868 /* LocalizedStrings.swift in Sources */ = {isa = PBXBuildFile; fileRef = E2641BFC2557C8AE00675868 /* LocalizedStrings.swift */; };
		E2641C022557C90100675868 /* String+Localized.swift in Sources */ = {isa = PBXBuildFile; fileRef = E2641C012557C90100675868 /* String+Localized.swift */; };
		E2641C072557CB1E00675868 /* JobsTests.swift in Sources */ = {isa = PBXBuildFile; fileRef = E2641C062557CB1E00675868 /* JobsTests.swift */; };
		E2641C0F2557CDE300675868 /* UITableView+Register.swift in Sources */ = {isa = PBXBuildFile; fileRef = E2641C0E2557CDE300675868 /* UITableView+Register.swift */; };
		E2641C142557CE1200675868 /* Dequeuable.swift in Sources */ = {isa = PBXBuildFile; fileRef = E2641C132557CE1200675868 /* Dequeuable.swift */; };
		E2673AE425577A0B00727460 /* DataSourcePrefetching.swift in Sources */ = {isa = PBXBuildFile; fileRef = E2673AE325577A0B00727460 /* DataSourcePrefetching.swift */; };
		E2673AE925577A2300727460 /* TableViewDataSourcePrefetching.swift in Sources */ = {isa = PBXBuildFile; fileRef = E2673AE825577A2300727460 /* TableViewDataSourcePrefetching.swift */; };
		E2673AF42557817B00727460 /* JobsProtocols.swift in Sources */ = {isa = PBXBuildFile; fileRef = E2673AF32557817B00727460 /* JobsProtocols.swift */; };
		E2673AFA255781A800727460 /* JobDetailViewController.swift in Sources */ = {isa = PBXBuildFile; fileRef = E2673AF9255781A800727460 /* JobDetailViewController.swift */; };
		E2673AFF2557823F00727460 /* Coordinator.swift in Sources */ = {isa = PBXBuildFile; fileRef = E2673AFE2557823F00727460 /* Coordinator.swift */; };
		E2673B04255782F000727460 /* JobsCoordinator.swift in Sources */ = {isa = PBXBuildFile; fileRef = E2673B03255782F000727460 /* JobsCoordinator.swift */; };
		E2673B09255786F000727460 /* JobDetailProtocols.swift in Sources */ = {isa = PBXBuildFile; fileRef = E2673B08255786F000727460 /* JobDetailProtocols.swift */; };
		E2673B0E2557872E00727460 /* JobDetailCoordinator.swift in Sources */ = {isa = PBXBuildFile; fileRef = E2673B0D2557872E00727460 /* JobDetailCoordinator.swift */; };
		E2673B132557877F00727460 /* JobDetailViewModel.swift in Sources */ = {isa = PBXBuildFile; fileRef = E2673B122557877F00727460 /* JobDetailViewModel.swift */; };
		E2673B1925578A3200727460 /* JobDetailHeaderView.swift in Sources */ = {isa = PBXBuildFile; fileRef = E2673B1825578A3200727460 /* JobDetailHeaderView.swift */; };
		E2673B1E25578A5E00727460 /* JobDetailSectionView.swift in Sources */ = {isa = PBXBuildFile; fileRef = E2673B1D25578A5E00727460 /* JobDetailSectionView.swift */; };
		E26B97802876976D00C6D197 /* ThemeSelectionSection.swift in Sources */ = {isa = PBXBuildFile; fileRef = E26B977F2876976D00C6D197 /* ThemeSelectionSection.swift */; };
		E26FD26C2784088A00AAEBCD /* MockJobsInteractor.swift in Sources */ = {isa = PBXBuildFile; fileRef = E26FD26B2784088A00AAEBCD /* MockJobsInteractor.swift */; };
		E27138AA2782384400E6F501 /* JobsInteractor.swift in Sources */ = {isa = PBXBuildFile; fileRef = E27138A92782384400E6F501 /* JobsInteractor.swift */; };
		E2792433264786E000891120 /* MainSplitViewController.swift in Sources */ = {isa = PBXBuildFile; fileRef = E2792432264786E000891120 /* MainSplitViewController.swift */; };
		E27924352647873800891120 /* EmptyDetailViewController.swift in Sources */ = {isa = PBXBuildFile; fileRef = E27924342647873800891120 /* EmptyDetailViewController.swift */; };
		E27E9CBD2558463A00210D1C /* Job+MockInitializer.swift in Sources */ = {isa = PBXBuildFile; fileRef = E27E9CBC2558463A00210D1C /* Job+MockInitializer.swift */; };
		E281527F2889047B000A5C55 /* ThemeSelectionItemModel.swift in Sources */ = {isa = PBXBuildFile; fileRef = E281527E2889047B000A5C55 /* ThemeSelectionItemModel.swift */; };
		E286A324288D0C54004ACF5D /* SettingsViewController.swift in Sources */ = {isa = PBXBuildFile; fileRef = E286A323288D0C54004ACF5D /* SettingsViewController.swift */; };
		E286A326288D0C63004ACF5D /* SettingsViewModel.swift in Sources */ = {isa = PBXBuildFile; fileRef = E286A325288D0C63004ACF5D /* SettingsViewModel.swift */; };
		E286A328288D0C6D004ACF5D /* SettingsCoordinator.swift in Sources */ = {isa = PBXBuildFile; fileRef = E286A327288D0C6D004ACF5D /* SettingsCoordinator.swift */; };
		E286A32A288D0C79004ACF5D /* SettingsProtocols.swift in Sources */ = {isa = PBXBuildFile; fileRef = E286A329288D0C79004ACF5D /* SettingsProtocols.swift */; };
		E289EFC92635170800A60609 /* UserDefaultsStorage.swift in Sources */ = {isa = PBXBuildFile; fileRef = E289EFC82635170800A60609 /* UserDefaultsStorage.swift */; };
		E28B5294255700F100389043 /* JobsViewState.swift in Sources */ = {isa = PBXBuildFile; fileRef = E28B5293255700F100389043 /* JobsViewState.swift */; };
		E28B529A25570C3F00389043 /* LoadingFooterView.swift in Sources */ = {isa = PBXBuildFile; fileRef = E28B529925570C3F00389043 /* LoadingFooterView.swift */; };
		E28B52A225570C9000389043 /* CustomFooterView.swift in Sources */ = {isa = PBXBuildFile; fileRef = E28B52A125570C9000389043 /* CustomFooterView.swift */; };
		E28B52A725570CCF00389043 /* UIView+Layout.swift in Sources */ = {isa = PBXBuildFile; fileRef = E28B52A625570CCF00389043 /* UIView+Layout.swift */; };
		E28B52AC25570CF000389043 /* FontHelper.swift in Sources */ = {isa = PBXBuildFile; fileRef = E28B52AB25570CF000389043 /* FontHelper.swift */; };
		E28B52B225570D2B00389043 /* TableViewCellAnimator.swift in Sources */ = {isa = PBXBuildFile; fileRef = E28B52B125570D2B00389043 /* TableViewCellAnimator.swift */; };
		E28B52B72557215600389043 /* JobCellViewModel.swift in Sources */ = {isa = PBXBuildFile; fileRef = E28B52B62557215600389043 /* JobCellViewModel.swift */; };
		E29456C3263E6CA70011AF68 /* KingfisherStatic in Frameworks */ = {isa = PBXBuildFile; productRef = E29456C2263E6CA70011AF68 /* KingfisherStatic */; };
		E2A13FE6286D5C75001BC83D /* ViewController.swift in Sources */ = {isa = PBXBuildFile; fileRef = E2A13FE5286D5C75001BC83D /* ViewController.swift */; };
		E2ADF9F72873EBB800987D4D /* ThemeSelectionSectionHeaderView.swift in Sources */ = {isa = PBXBuildFile; fileRef = E2ADF9F62873EBB800987D4D /* ThemeSelectionSectionHeaderView.swift */; };
		E2ADF9FA2873ECBD00987D4D /* ThemeSelectionViewController.swift in Sources */ = {isa = PBXBuildFile; fileRef = E2ADF9F92873ECBD00987D4D /* ThemeSelectionViewController.swift */; };
		E2ADF9FC2873ECD500987D4D /* ThemeSelectionProtocols.swift in Sources */ = {isa = PBXBuildFile; fileRef = E2ADF9FB2873ECD500987D4D /* ThemeSelectionProtocols.swift */; };
		E2ADF9FE2873ECE200987D4D /* ThemeSelectionCoordinator.swift in Sources */ = {isa = PBXBuildFile; fileRef = E2ADF9FD2873ECE200987D4D /* ThemeSelectionCoordinator.swift */; };
		E2ADFA002873F18E00987D4D /* UICollectionView+Register.swift in Sources */ = {isa = PBXBuildFile; fileRef = E2ADF9FF2873F18E00987D4D /* UICollectionView+Register.swift */; };
		E2B2C8DC288BC39800522186 /* SplitViewController.swift in Sources */ = {isa = PBXBuildFile; fileRef = E2B2C8DB288BC39800522186 /* SplitViewController.swift */; };
		E2B3E6AF2556D67400B5483A /* AppDelegate.swift in Sources */ = {isa = PBXBuildFile; fileRef = E2B3E6AE2556D67400B5483A /* AppDelegate.swift */; };
		E2B3E6B12556D67400B5483A /* SceneDelegate.swift in Sources */ = {isa = PBXBuildFile; fileRef = E2B3E6B02556D67400B5483A /* SceneDelegate.swift */; };
		E2B3E6B82556D67700B5483A /* Assets.xcassets in Resources */ = {isa = PBXBuildFile; fileRef = E2B3E6B72556D67700B5483A /* Assets.xcassets */; };
		E2B3E6BB2556D67700B5483A /* LaunchScreen.storyboard in Resources */ = {isa = PBXBuildFile; fileRef = E2B3E6B92556D67700B5483A /* LaunchScreen.storyboard */; };
		E2B3E6D12556D67700B5483A /* GithubJobsUITests.swift in Sources */ = {isa = PBXBuildFile; fileRef = E2B3E6D02556D67700B5483A /* GithubJobsUITests.swift */; };
		E2B3E6EA2556D7BA00B5483A /* JobsViewController.swift in Sources */ = {isa = PBXBuildFile; fileRef = E2B3E6E92556D7BA00B5483A /* JobsViewController.swift */; };
		E2B3E6F82556DAE100B5483A /* JobTableViewCell.swift in Sources */ = {isa = PBXBuildFile; fileRef = E2B3E6F72556DAE100B5483A /* JobTableViewCell.swift */; };
		E2B3E7012556DCB900B5483A /* APIClient.swift in Sources */ = {isa = PBXBuildFile; fileRef = E2B3E7002556DCB900B5483A /* APIClient.swift */; };
		E2B3E70A2556DD5700B5483A /* APIError.swift in Sources */ = {isa = PBXBuildFile; fileRef = E2B3E7092556DD5600B5483A /* APIError.swift */; };
		E2B3E7112556DDB600B5483A /* Descriptable.swift in Sources */ = {isa = PBXBuildFile; fileRef = E2B3E7102556DDB600B5483A /* Descriptable.swift */; };
		E2B3E7162556DDD200B5483A /* Endpoint.swift in Sources */ = {isa = PBXBuildFile; fileRef = E2B3E7152556DDD200B5483A /* Endpoint.swift */; };
		E2B3E7232556DF8000B5483A /* URLRequest+Headers.swift in Sources */ = {isa = PBXBuildFile; fileRef = E2B3E7222556DF8000B5483A /* URLRequest+Headers.swift */; };
		E2B3E72B2556DFA300B5483A /* Dictionary+Format.swift in Sources */ = {isa = PBXBuildFile; fileRef = E2B3E72A2556DFA300B5483A /* Dictionary+Format.swift */; };
		E2B3E7302556DFD200B5483A /* CharacterSet+Filtering.swift in Sources */ = {isa = PBXBuildFile; fileRef = E2B3E72F2556DFD200B5483A /* CharacterSet+Filtering.swift */; };
		E2B3E7372556E01400B5483A /* Job.swift in Sources */ = {isa = PBXBuildFile; fileRef = E2B3E7362556E01400B5483A /* Job.swift */; };
		E2B3E73C2556E10700B5483A /* JobsResult.swift in Sources */ = {isa = PBXBuildFile; fileRef = E2B3E73B2556E10700B5483A /* JobsResult.swift */; };
		E2CC32482877DFF500345569 /* ThemeSelectionViewModel.swift in Sources */ = {isa = PBXBuildFile; fileRef = E2CC32472877DFF500345569 /* ThemeSelectionViewModel.swift */; };
		E2E18206288FAA790096BA7B /* SettingsItemModel.swift in Sources */ = {isa = PBXBuildFile; fileRef = E2E18205288FAA780096BA7B /* SettingsItemModel.swift */; };
		E2E18208288FAAC50096BA7B /* SettingsSection.swift in Sources */ = {isa = PBXBuildFile; fileRef = E2E18207288FAAC50096BA7B /* SettingsSection.swift */; };
		E2F570A928979DE900A67593 /* ThemeManager.swift in Sources */ = {isa = PBXBuildFile; fileRef = E2F570A628979DE900A67593 /* ThemeManager.swift */; };
		E2F570AA28979DE900A67593 /* ThemeManagerProtocol.swift in Sources */ = {isa = PBXBuildFile; fileRef = E2F570A728979DE900A67593 /* ThemeManagerProtocol.swift */; };
		E2F570AB28979DE900A67593 /* Theme.swift in Sources */ = {isa = PBXBuildFile; fileRef = E2F570A828979DE900A67593 /* Theme.swift */; };
/* End PBXBuildFile section */

/* Begin PBXContainerItemProxy section */
		E2B3E6C22556D67700B5483A /* PBXContainerItemProxy */ = {
			isa = PBXContainerItemProxy;
			containerPortal = E2B3E6A32556D67400B5483A /* Project object */;
			proxyType = 1;
			remoteGlobalIDString = E2B3E6AA2556D67400B5483A;
			remoteInfo = GithubJobs;
		};
		E2B3E6CD2556D67700B5483A /* PBXContainerItemProxy */ = {
			isa = PBXContainerItemProxy;
			containerPortal = E2B3E6A32556D67400B5483A /* Project object */;
			proxyType = 1;
			remoteGlobalIDString = E2B3E6AA2556D67400B5483A;
			remoteInfo = GithubJobs;
		};
/* End PBXContainerItemProxy section */

/* Begin PBXFileReference section */
		E21AEC2A2556E1D000A85639 /* JobClient.swift */ = {isa = PBXFileReference; lastKnownFileType = sourcecode.swift; path = JobClient.swift; sourceTree = "<group>"; };
		E21AEC322556E1E600A85639 /* JobProvider.swift */ = {isa = PBXFileReference; lastKnownFileType = sourcecode.swift; path = JobProvider.swift; sourceTree = "<group>"; };
		E21AEC372556E35100A85639 /* JobsViewModel.swift */ = {isa = PBXFileReference; lastKnownFileType = sourcecode.swift; path = JobsViewModel.swift; sourceTree = "<group>"; };
		E21AEC3D2556E3B700A85639 /* JobClientProtocol.swift */ = {isa = PBXFileReference; lastKnownFileType = sourcecode.swift; path = JobClientProtocol.swift; sourceTree = "<group>"; };
		E23930DD25585D8000E7C4ED /* JobDetailTests.swift */ = {isa = PBXFileReference; lastKnownFileType = sourcecode.swift; path = JobDetailTests.swift; sourceTree = "<group>"; };
		E25C2E9F26487E4100DFAEFC /* GithubJobs.entitlements */ = {isa = PBXFileReference; lastKnownFileType = text.plist.entitlements; path = GithubJobs.entitlements; sourceTree = "<group>"; };
		E2609A35255836E5008002BA /* JobDetailHeaderViewModel.swift */ = {isa = PBXFileReference; lastKnownFileType = sourcecode.swift; path = JobDetailHeaderViewModel.swift; sourceTree = "<group>"; };
		E261EF2928A30F3400F577AD /* UIViewController+Theme.swift */ = {isa = PBXFileReference; lastKnownFileType = sourcecode.swift; path = "UIViewController+Theme.swift"; sourceTree = "<group>"; };
		E261F94925583CBA00DBC582 /* BackgroundCurvedView.swift */ = {isa = PBXFileReference; lastKnownFileType = sourcecode.swift; path = BackgroundCurvedView.swift; sourceTree = "<group>"; };
		E2641BD12557AA9100675868 /* JobDetailViewState.swift */ = {isa = PBXFileReference; lastKnownFileType = sourcecode.swift; path = JobDetailViewState.swift; sourceTree = "<group>"; };
		E2641BD62557C04900675868 /* String+HTML.swift */ = {isa = PBXFileReference; lastKnownFileType = sourcecode.swift; path = "String+HTML.swift"; sourceTree = "<group>"; };
		E2641BE82557C55500675868 /* UIImageView+Kingfisher.swift */ = {isa = PBXFileReference; lastKnownFileType = sourcecode.swift; path = "UIImageView+Kingfisher.swift"; sourceTree = "<group>"; };
		E2641BF32557C82900675868 /* en */ = {isa = PBXFileReference; lastKnownFileType = text.plist.strings; name = en; path = en.lproj/Localizable.strings; sourceTree = "<group>"; };
		E2641BF82557C85E00675868 /* es-419 */ = {isa = PBXFileReference; lastKnownFileType = text.plist.strings; name = "es-419"; path = "es-419.lproj/Localizable.strings"; sourceTree = "<group>"; };
		E2641BFC2557C8AE00675868 /* LocalizedStrings.swift */ = {isa = PBXFileReference; lastKnownFileType = sourcecode.swift; path = LocalizedStrings.swift; sourceTree = "<group>"; };
		E2641C012557C90100675868 /* String+Localized.swift */ = {isa = PBXFileReference; lastKnownFileType = sourcecode.swift; path = "String+Localized.swift"; sourceTree = "<group>"; };
		E2641C062557CB1E00675868 /* JobsTests.swift */ = {isa = PBXFileReference; lastKnownFileType = sourcecode.swift; path = JobsTests.swift; sourceTree = "<group>"; };
		E2641C0E2557CDE300675868 /* UITableView+Register.swift */ = {isa = PBXFileReference; lastKnownFileType = sourcecode.swift; path = "UITableView+Register.swift"; sourceTree = "<group>"; };
		E2641C132557CE1200675868 /* Dequeuable.swift */ = {isa = PBXFileReference; lastKnownFileType = sourcecode.swift; path = Dequeuable.swift; sourceTree = "<group>"; };
		E2673AE325577A0B00727460 /* DataSourcePrefetching.swift */ = {isa = PBXFileReference; lastKnownFileType = sourcecode.swift; path = DataSourcePrefetching.swift; sourceTree = "<group>"; };
		E2673AE825577A2300727460 /* TableViewDataSourcePrefetching.swift */ = {isa = PBXFileReference; lastKnownFileType = sourcecode.swift; path = TableViewDataSourcePrefetching.swift; sourceTree = "<group>"; };
		E2673AF32557817B00727460 /* JobsProtocols.swift */ = {isa = PBXFileReference; lastKnownFileType = sourcecode.swift; path = JobsProtocols.swift; sourceTree = "<group>"; };
		E2673AF9255781A800727460 /* JobDetailViewController.swift */ = {isa = PBXFileReference; lastKnownFileType = sourcecode.swift; path = JobDetailViewController.swift; sourceTree = "<group>"; };
		E2673AFE2557823F00727460 /* Coordinator.swift */ = {isa = PBXFileReference; lastKnownFileType = sourcecode.swift; path = Coordinator.swift; sourceTree = "<group>"; };
		E2673B03255782F000727460 /* JobsCoordinator.swift */ = {isa = PBXFileReference; lastKnownFileType = sourcecode.swift; path = JobsCoordinator.swift; sourceTree = "<group>"; };
		E2673B08255786F000727460 /* JobDetailProtocols.swift */ = {isa = PBXFileReference; lastKnownFileType = sourcecode.swift; path = JobDetailProtocols.swift; sourceTree = "<group>"; };
		E2673B0D2557872E00727460 /* JobDetailCoordinator.swift */ = {isa = PBXFileReference; lastKnownFileType = sourcecode.swift; path = JobDetailCoordinator.swift; sourceTree = "<group>"; };
		E2673B122557877F00727460 /* JobDetailViewModel.swift */ = {isa = PBXFileReference; lastKnownFileType = sourcecode.swift; path = JobDetailViewModel.swift; sourceTree = "<group>"; };
		E2673B1825578A3200727460 /* JobDetailHeaderView.swift */ = {isa = PBXFileReference; lastKnownFileType = sourcecode.swift; path = JobDetailHeaderView.swift; sourceTree = "<group>"; };
		E2673B1D25578A5E00727460 /* JobDetailSectionView.swift */ = {isa = PBXFileReference; lastKnownFileType = sourcecode.swift; path = JobDetailSectionView.swift; sourceTree = "<group>"; };
		E26B977F2876976D00C6D197 /* ThemeSelectionSection.swift */ = {isa = PBXFileReference; lastKnownFileType = sourcecode.swift; path = ThemeSelectionSection.swift; sourceTree = "<group>"; };
		E26FD26B2784088A00AAEBCD /* MockJobsInteractor.swift */ = {isa = PBXFileReference; lastKnownFileType = sourcecode.swift; path = MockJobsInteractor.swift; sourceTree = "<group>"; };
		E27138A92782384400E6F501 /* JobsInteractor.swift */ = {isa = PBXFileReference; lastKnownFileType = sourcecode.swift; path = JobsInteractor.swift; sourceTree = "<group>"; };
		E2792432264786E000891120 /* MainSplitViewController.swift */ = {isa = PBXFileReference; lastKnownFileType = sourcecode.swift; path = MainSplitViewController.swift; sourceTree = "<group>"; };
		E27924342647873800891120 /* EmptyDetailViewController.swift */ = {isa = PBXFileReference; lastKnownFileType = sourcecode.swift; path = EmptyDetailViewController.swift; sourceTree = "<group>"; };
		E27E9CBC2558463A00210D1C /* Job+MockInitializer.swift */ = {isa = PBXFileReference; lastKnownFileType = sourcecode.swift; path = "Job+MockInitializer.swift"; sourceTree = "<group>"; };
		E281527E2889047B000A5C55 /* ThemeSelectionItemModel.swift */ = {isa = PBXFileReference; lastKnownFileType = sourcecode.swift; path = ThemeSelectionItemModel.swift; sourceTree = "<group>"; };
		E286A323288D0C54004ACF5D /* SettingsViewController.swift */ = {isa = PBXFileReference; lastKnownFileType = sourcecode.swift; path = SettingsViewController.swift; sourceTree = "<group>"; };
		E286A325288D0C63004ACF5D /* SettingsViewModel.swift */ = {isa = PBXFileReference; lastKnownFileType = sourcecode.swift; path = SettingsViewModel.swift; sourceTree = "<group>"; };
		E286A327288D0C6D004ACF5D /* SettingsCoordinator.swift */ = {isa = PBXFileReference; lastKnownFileType = sourcecode.swift; path = SettingsCoordinator.swift; sourceTree = "<group>"; };
		E286A329288D0C79004ACF5D /* SettingsProtocols.swift */ = {isa = PBXFileReference; lastKnownFileType = sourcecode.swift; path = SettingsProtocols.swift; sourceTree = "<group>"; };
		E289EFC82635170800A60609 /* UserDefaultsStorage.swift */ = {isa = PBXFileReference; lastKnownFileType = sourcecode.swift; path = UserDefaultsStorage.swift; sourceTree = "<group>"; };
		E28B5293255700F100389043 /* JobsViewState.swift */ = {isa = PBXFileReference; lastKnownFileType = sourcecode.swift; path = JobsViewState.swift; sourceTree = "<group>"; };
		E28B529925570C3F00389043 /* LoadingFooterView.swift */ = {isa = PBXFileReference; lastKnownFileType = sourcecode.swift; path = LoadingFooterView.swift; sourceTree = "<group>"; };
		E28B52A125570C9000389043 /* CustomFooterView.swift */ = {isa = PBXFileReference; lastKnownFileType = sourcecode.swift; path = CustomFooterView.swift; sourceTree = "<group>"; };
		E28B52A625570CCF00389043 /* UIView+Layout.swift */ = {isa = PBXFileReference; lastKnownFileType = sourcecode.swift; path = "UIView+Layout.swift"; sourceTree = "<group>"; };
		E28B52AB25570CF000389043 /* FontHelper.swift */ = {isa = PBXFileReference; lastKnownFileType = sourcecode.swift; path = FontHelper.swift; sourceTree = "<group>"; };
		E28B52B125570D2B00389043 /* TableViewCellAnimator.swift */ = {isa = PBXFileReference; lastKnownFileType = sourcecode.swift; path = TableViewCellAnimator.swift; sourceTree = "<group>"; };
		E28B52B62557215600389043 /* JobCellViewModel.swift */ = {isa = PBXFileReference; lastKnownFileType = sourcecode.swift; path = JobCellViewModel.swift; sourceTree = "<group>"; };
		E2A13FE5286D5C75001BC83D /* ViewController.swift */ = {isa = PBXFileReference; lastKnownFileType = sourcecode.swift; path = ViewController.swift; sourceTree = "<group>"; };
		E2ADF9F62873EBB800987D4D /* ThemeSelectionSectionHeaderView.swift */ = {isa = PBXFileReference; lastKnownFileType = sourcecode.swift; path = ThemeSelectionSectionHeaderView.swift; sourceTree = "<group>"; };
		E2ADF9F92873ECBD00987D4D /* ThemeSelectionViewController.swift */ = {isa = PBXFileReference; lastKnownFileType = sourcecode.swift; path = ThemeSelectionViewController.swift; sourceTree = "<group>"; };
		E2ADF9FB2873ECD500987D4D /* ThemeSelectionProtocols.swift */ = {isa = PBXFileReference; lastKnownFileType = sourcecode.swift; path = ThemeSelectionProtocols.swift; sourceTree = "<group>"; };
		E2ADF9FD2873ECE200987D4D /* ThemeSelectionCoordinator.swift */ = {isa = PBXFileReference; lastKnownFileType = sourcecode.swift; path = ThemeSelectionCoordinator.swift; sourceTree = "<group>"; };
		E2ADF9FF2873F18E00987D4D /* UICollectionView+Register.swift */ = {isa = PBXFileReference; lastKnownFileType = sourcecode.swift; path = "UICollectionView+Register.swift"; sourceTree = "<group>"; };
		E2B2C8DB288BC39800522186 /* SplitViewController.swift */ = {isa = PBXFileReference; lastKnownFileType = sourcecode.swift; path = SplitViewController.swift; sourceTree = "<group>"; };
		E2B3E6AB2556D67400B5483A /* GithubJobs.app */ = {isa = PBXFileReference; explicitFileType = wrapper.application; includeInIndex = 0; path = GithubJobs.app; sourceTree = BUILT_PRODUCTS_DIR; };
		E2B3E6AE2556D67400B5483A /* AppDelegate.swift */ = {isa = PBXFileReference; lastKnownFileType = sourcecode.swift; path = AppDelegate.swift; sourceTree = "<group>"; };
		E2B3E6B02556D67400B5483A /* SceneDelegate.swift */ = {isa = PBXFileReference; lastKnownFileType = sourcecode.swift; path = SceneDelegate.swift; sourceTree = "<group>"; };
		E2B3E6B72556D67700B5483A /* Assets.xcassets */ = {isa = PBXFileReference; lastKnownFileType = folder.assetcatalog; path = Assets.xcassets; sourceTree = "<group>"; };
		E2B3E6BA2556D67700B5483A /* Base */ = {isa = PBXFileReference; lastKnownFileType = file.storyboard; name = Base; path = Base.lproj/LaunchScreen.storyboard; sourceTree = "<group>"; };
		E2B3E6BC2556D67700B5483A /* Info.plist */ = {isa = PBXFileReference; lastKnownFileType = text.plist.xml; path = Info.plist; sourceTree = "<group>"; };
		E2B3E6C12556D67700B5483A /* GithubJobsTests.xctest */ = {isa = PBXFileReference; explicitFileType = wrapper.cfbundle; includeInIndex = 0; path = GithubJobsTests.xctest; sourceTree = BUILT_PRODUCTS_DIR; };
		E2B3E6C72556D67700B5483A /* Info.plist */ = {isa = PBXFileReference; lastKnownFileType = text.plist.xml; path = Info.plist; sourceTree = "<group>"; };
		E2B3E6CC2556D67700B5483A /* GithubJobsUITests.xctest */ = {isa = PBXFileReference; explicitFileType = wrapper.cfbundle; includeInIndex = 0; path = GithubJobsUITests.xctest; sourceTree = BUILT_PRODUCTS_DIR; };
		E2B3E6D02556D67700B5483A /* GithubJobsUITests.swift */ = {isa = PBXFileReference; lastKnownFileType = sourcecode.swift; path = GithubJobsUITests.swift; sourceTree = "<group>"; };
		E2B3E6D22556D67700B5483A /* Info.plist */ = {isa = PBXFileReference; lastKnownFileType = text.plist.xml; path = Info.plist; sourceTree = "<group>"; };
		E2B3E6E92556D7BA00B5483A /* JobsViewController.swift */ = {isa = PBXFileReference; lastKnownFileType = sourcecode.swift; path = JobsViewController.swift; sourceTree = "<group>"; };
		E2B3E6F72556DAE100B5483A /* JobTableViewCell.swift */ = {isa = PBXFileReference; lastKnownFileType = sourcecode.swift; path = JobTableViewCell.swift; sourceTree = "<group>"; };
		E2B3E7002556DCB900B5483A /* APIClient.swift */ = {isa = PBXFileReference; lastKnownFileType = sourcecode.swift; path = APIClient.swift; sourceTree = "<group>"; };
		E2B3E7092556DD5600B5483A /* APIError.swift */ = {isa = PBXFileReference; lastKnownFileType = sourcecode.swift; path = APIError.swift; sourceTree = "<group>"; };
		E2B3E7102556DDB600B5483A /* Descriptable.swift */ = {isa = PBXFileReference; lastKnownFileType = sourcecode.swift; path = Descriptable.swift; sourceTree = "<group>"; };
		E2B3E7152556DDD200B5483A /* Endpoint.swift */ = {isa = PBXFileReference; lastKnownFileType = sourcecode.swift; path = Endpoint.swift; sourceTree = "<group>"; };
		E2B3E7222556DF8000B5483A /* URLRequest+Headers.swift */ = {isa = PBXFileReference; lastKnownFileType = sourcecode.swift; path = "URLRequest+Headers.swift"; sourceTree = "<group>"; };
		E2B3E72A2556DFA300B5483A /* Dictionary+Format.swift */ = {isa = PBXFileReference; lastKnownFileType = sourcecode.swift; path = "Dictionary+Format.swift"; sourceTree = "<group>"; };
		E2B3E72F2556DFD200B5483A /* CharacterSet+Filtering.swift */ = {isa = PBXFileReference; lastKnownFileType = sourcecode.swift; path = "CharacterSet+Filtering.swift"; sourceTree = "<group>"; };
		E2B3E7362556E01400B5483A /* Job.swift */ = {isa = PBXFileReference; lastKnownFileType = sourcecode.swift; path = Job.swift; sourceTree = "<group>"; };
		E2B3E73B2556E10700B5483A /* JobsResult.swift */ = {isa = PBXFileReference; lastKnownFileType = sourcecode.swift; path = JobsResult.swift; sourceTree = "<group>"; };
		E2CC32472877DFF500345569 /* ThemeSelectionViewModel.swift */ = {isa = PBXFileReference; lastKnownFileType = sourcecode.swift; path = ThemeSelectionViewModel.swift; sourceTree = "<group>"; };
		E2E18205288FAA780096BA7B /* SettingsItemModel.swift */ = {isa = PBXFileReference; lastKnownFileType = sourcecode.swift; path = SettingsItemModel.swift; sourceTree = "<group>"; };
		E2E18207288FAAC50096BA7B /* SettingsSection.swift */ = {isa = PBXFileReference; lastKnownFileType = sourcecode.swift; path = SettingsSection.swift; sourceTree = "<group>"; };
		E2F570A628979DE900A67593 /* ThemeManager.swift */ = {isa = PBXFileReference; fileEncoding = 4; lastKnownFileType = sourcecode.swift; path = ThemeManager.swift; sourceTree = "<group>"; };
		E2F570A728979DE900A67593 /* ThemeManagerProtocol.swift */ = {isa = PBXFileReference; fileEncoding = 4; lastKnownFileType = sourcecode.swift; path = ThemeManagerProtocol.swift; sourceTree = "<group>"; };
		E2F570A828979DE900A67593 /* Theme.swift */ = {isa = PBXFileReference; fileEncoding = 4; lastKnownFileType = sourcecode.swift; path = Theme.swift; sourceTree = "<group>"; };
/* End PBXFileReference section */

/* Begin PBXFrameworksBuildPhase section */
		E2B3E6A82556D67400B5483A /* Frameworks */ = {
			isa = PBXFrameworksBuildPhase;
			buildActionMask = 2147483647;
			files = (
				E29456C3263E6CA70011AF68 /* KingfisherStatic in Frameworks */,
			);
			runOnlyForDeploymentPostprocessing = 0;
		};
		E2B3E6BE2556D67700B5483A /* Frameworks */ = {
			isa = PBXFrameworksBuildPhase;
			buildActionMask = 2147483647;
			files = (
			);
			runOnlyForDeploymentPostprocessing = 0;
		};
		E2B3E6C92556D67700B5483A /* Frameworks */ = {
			isa = PBXFrameworksBuildPhase;
			buildActionMask = 2147483647;
			files = (
			);
			runOnlyForDeploymentPostprocessing = 0;
		};
/* End PBXFrameworksBuildPhase section */

/* Begin PBXGroup section */
		E21AEC292556E1C200A85639 /* Services */ = {
			isa = PBXGroup;
			children = (
				E21AEC2A2556E1D000A85639 /* JobClient.swift */,
				E21AEC322556E1E600A85639 /* JobProvider.swift */,
				E21AEC3D2556E3B700A85639 /* JobClientProtocol.swift */,
			);
			path = Services;
			sourceTree = "<group>";
		};
		E234A012287298C20086F353 /* Settings */ = {
			isa = PBXGroup;
			children = (
				E2ADF9F82873ECA800987D4D /* ThemeSelection */,
				E286A323288D0C54004ACF5D /* SettingsViewController.swift */,
				E286A325288D0C63004ACF5D /* SettingsViewModel.swift */,
				E286A327288D0C6D004ACF5D /* SettingsCoordinator.swift */,
				E286A329288D0C79004ACF5D /* SettingsProtocols.swift */,
				E2E18205288FAA780096BA7B /* SettingsItemModel.swift */,
				E2E18207288FAAC50096BA7B /* SettingsSection.swift */,
			);
			path = Settings;
			sourceTree = "<group>";
		};
		E2609A3A25583718008002BA /* Header */ = {
			isa = PBXGroup;
			children = (
				E2609A35255836E5008002BA /* JobDetailHeaderViewModel.swift */,
				E2673B1825578A3200727460 /* JobDetailHeaderView.swift */,
				E261F94925583CBA00DBC582 /* BackgroundCurvedView.swift */,
			);
			path = Header;
			sourceTree = "<group>";
		};
		E2673AE2255779A400727460 /* DataSources */ = {
			isa = PBXGroup;
			children = (
				E2673AE325577A0B00727460 /* DataSourcePrefetching.swift */,
				E2673AE825577A2300727460 /* TableViewDataSourcePrefetching.swift */,
			);
			path = DataSources;
			sourceTree = "<group>";
		};
		E2673AF82557819100727460 /* JobDetail */ = {
			isa = PBXGroup;
			children = (
				E2673B1725578A1E00727460 /* ViewComponents */,
				E2673AF9255781A800727460 /* JobDetailViewController.swift */,
				E2673B08255786F000727460 /* JobDetailProtocols.swift */,
				E2673B0D2557872E00727460 /* JobDetailCoordinator.swift */,
				E2673B122557877F00727460 /* JobDetailViewModel.swift */,
				E2641BD12557AA9100675868 /* JobDetailViewState.swift */,
			);
			path = JobDetail;
			sourceTree = "<group>";
		};
		E2673B1725578A1E00727460 /* ViewComponents */ = {
			isa = PBXGroup;
			children = (
				E2B8E4042634DCA80086D581 /* Section */,
				E2609A3A25583718008002BA /* Header */,
			);
			path = ViewComponents;
			sourceTree = "<group>";
		};
		E279242F264786BA00891120 /* Main */ = {
			isa = PBXGroup;
			children = (
				E27924342647873800891120 /* EmptyDetailViewController.swift */,
				E2792432264786E000891120 /* MainSplitViewController.swift */,
			);
			path = Main;
			sourceTree = "<group>";
		};
		E27E9CAD2558457200210D1C /* Mocks */ = {
			isa = PBXGroup;
			children = (
				E27E9CBC2558463A00210D1C /* Job+MockInitializer.swift */,
				E26FD26B2784088A00AAEBCD /* MockJobsInteractor.swift */,
			);
			path = Mocks;
			sourceTree = "<group>";
		};
		E289EFC7263516D700A60609 /* PropertyWrappers */ = {
			isa = PBXGroup;
			children = (
				E289EFC82635170800A60609 /* UserDefaultsStorage.swift */,
			);
			path = PropertyWrappers;
			sourceTree = "<group>";
		};
		E28B528A2556FEE200389043 /* Utils */ = {
			isa = PBXGroup;
			children = (
				E2F570A528979DE900A67593 /* Theming */,
				E28B52AB25570CF000389043 /* FontHelper.swift */,
				E2641BFC2557C8AE00675868 /* LocalizedStrings.swift */,
			);
			path = Utils;
			sourceTree = "<group>";
		};
		E28B529825570C3300389043 /* ViewComponents */ = {
			isa = PBXGroup;
			children = (
				E2673AE2255779A400727460 /* DataSources */,
				E28B52B025570D1A00389043 /* Animations */,
				E28B529925570C3F00389043 /* LoadingFooterView.swift */,
				E28B52A125570C9000389043 /* CustomFooterView.swift */,
			);
			path = ViewComponents;
			sourceTree = "<group>";
		};
		E28B52B025570D1A00389043 /* Animations */ = {
			isa = PBXGroup;
			children = (
				E28B52B125570D2B00389043 /* TableViewCellAnimator.swift */,
			);
			path = Animations;
			sourceTree = "<group>";
		};
		E2A13FE4286D5C57001BC83D /* Common */ = {
			isa = PBXGroup;
			children = (
				E2A13FE5286D5C75001BC83D /* ViewController.swift */,
				E2B2C8DB288BC39800522186 /* SplitViewController.swift */,
				E261EF2928A30F3400F577AD /* UIViewController+Theme.swift */,
			);
			path = Common;
			sourceTree = "<group>";
		};
		E2ADF9F52873EB9F00987D4D /* ViewComponents */ = {
			isa = PBXGroup;
			children = (
				E2ADF9F62873EBB800987D4D /* ThemeSelectionSectionHeaderView.swift */,
			);
			path = ViewComponents;
			sourceTree = "<group>";
		};
		E2ADF9F82873ECA800987D4D /* ThemeSelection */ = {
			isa = PBXGroup;
			children = (
				E2ADF9F52873EB9F00987D4D /* ViewComponents */,
				E2ADF9F92873ECBD00987D4D /* ThemeSelectionViewController.swift */,
				E2ADF9FB2873ECD500987D4D /* ThemeSelectionProtocols.swift */,
				E2ADF9FD2873ECE200987D4D /* ThemeSelectionCoordinator.swift */,
				E26B977F2876976D00C6D197 /* ThemeSelectionSection.swift */,
				E2CC32472877DFF500345569 /* ThemeSelectionViewModel.swift */,
				E281527E2889047B000A5C55 /* ThemeSelectionItemModel.swift */,
			);
			path = ThemeSelection;
			sourceTree = "<group>";
		};
		E2B3E6A22556D67400B5483A = {
			isa = PBXGroup;
			children = (
				E2B3E6AD2556D67400B5483A /* GithubJobs */,
				E2B3E6C42556D67700B5483A /* GithubJobsTests */,
				E2B3E6CF2556D67700B5483A /* GithubJobsUITests */,
				E2B3E6AC2556D67400B5483A /* Products */,
			);
			sourceTree = "<group>";
		};
		E2B3E6AC2556D67400B5483A /* Products */ = {
			isa = PBXGroup;
			children = (
				E2B3E6AB2556D67400B5483A /* GithubJobs.app */,
				E2B3E6C12556D67700B5483A /* GithubJobsTests.xctest */,
				E2B3E6CC2556D67700B5483A /* GithubJobsUITests.xctest */,
			);
			name = Products;
			sourceTree = "<group>";
		};
		E2B3E6AD2556D67400B5483A /* GithubJobs */ = {
			isa = PBXGroup;
			children = (
				E25C2E9F26487E4100DFAEFC /* GithubJobs.entitlements */,
				E2B3E7352556E00D00B5483A /* Entities */,
				E2B3E70E2556DD8400B5483A /* Helpers */,
				E2B3E6FF2556DC8200B5483A /* Networking */,
				E2B3E6E72556D79A00B5483A /* Scenes */,
				E2B3E6AE2556D67400B5483A /* AppDelegate.swift */,
				E2B3E6B02556D67400B5483A /* SceneDelegate.swift */,
				E2B3E6B72556D67700B5483A /* Assets.xcassets */,
				E2B3E6B92556D67700B5483A /* LaunchScreen.storyboard */,
				E2B3E6BC2556D67700B5483A /* Info.plist */,
				E2641BF42557C82900675868 /* Localizable.strings */,
			);
			path = GithubJobs;
			sourceTree = "<group>";
		};
		E2B3E6C42556D67700B5483A /* GithubJobsTests */ = {
			isa = PBXGroup;
			children = (
				E27E9CAD2558457200210D1C /* Mocks */,
				E2B3E6C72556D67700B5483A /* Info.plist */,
				E2641C062557CB1E00675868 /* JobsTests.swift */,
				E23930DD25585D8000E7C4ED /* JobDetailTests.swift */,
			);
			path = GithubJobsTests;
			sourceTree = "<group>";
		};
		E2B3E6CF2556D67700B5483A /* GithubJobsUITests */ = {
			isa = PBXGroup;
			children = (
				E2B3E6D02556D67700B5483A /* GithubJobsUITests.swift */,
				E2B3E6D22556D67700B5483A /* Info.plist */,
			);
			path = GithubJobsUITests;
			sourceTree = "<group>";
		};
		E2B3E6E72556D79A00B5483A /* Scenes */ = {
			isa = PBXGroup;
			children = (
				E279242F264786BA00891120 /* Main */,
				E2B3E6E82556D7A900B5483A /* Jobs */,
				E2673AF82557819100727460 /* JobDetail */,
				E234A012287298C20086F353 /* Settings */,
			);
			path = Scenes;
			sourceTree = "<group>";
		};
		E2B3E6E82556D7A900B5483A /* Jobs */ = {
			isa = PBXGroup;
			children = (
				E2B3E6F62556DACE00B5483A /* ViewComponents */,
				E2B3E6E92556D7BA00B5483A /* JobsViewController.swift */,
				E21AEC372556E35100A85639 /* JobsViewModel.swift */,
				E28B5293255700F100389043 /* JobsViewState.swift */,
				E2673AF32557817B00727460 /* JobsProtocols.swift */,
				E27138A92782384400E6F501 /* JobsInteractor.swift */,
				E2673B03255782F000727460 /* JobsCoordinator.swift */,
			);
			path = Jobs;
			sourceTree = "<group>";
		};
		E2B3E6F62556DACE00B5483A /* ViewComponents */ = {
			isa = PBXGroup;
			children = (
				E2B3E6F72556DAE100B5483A /* JobTableViewCell.swift */,
				E28B52B62557215600389043 /* JobCellViewModel.swift */,
			);
			path = ViewComponents;
			sourceTree = "<group>";
		};
		E2B3E6FF2556DC8200B5483A /* Networking */ = {
			isa = PBXGroup;
			children = (
				E21AEC292556E1C200A85639 /* Services */,
				E2B3E7342556DFFD00B5483A /* FeedResults */,
				E2B3E7002556DCB900B5483A /* APIClient.swift */,
				E2B3E7152556DDD200B5483A /* Endpoint.swift */,
				E2B3E7092556DD5600B5483A /* APIError.swift */,
			);
			path = Networking;
			sourceTree = "<group>";
		};
		E2B3E70E2556DD8400B5483A /* Helpers */ = {
			isa = PBXGroup;
			children = (
				E2A13FE4286D5C57001BC83D /* Common */,
				E2B3E7212556DF6500B5483A /* Extensions */,
				E2B3E70F2556DD9E00B5483A /* Protocols */,
				E289EFC7263516D700A60609 /* PropertyWrappers */,
				E28B528A2556FEE200389043 /* Utils */,
				E28B529825570C3300389043 /* ViewComponents */,
			);
			path = Helpers;
			sourceTree = "<group>";
		};
		E2B3E70F2556DD9E00B5483A /* Protocols */ = {
			isa = PBXGroup;
			children = (
				E2B3E7102556DDB600B5483A /* Descriptable.swift */,
				E2673AFE2557823F00727460 /* Coordinator.swift */,
				E2641C132557CE1200675868 /* Dequeuable.swift */,
			);
			path = Protocols;
			sourceTree = "<group>";
		};
		E2B3E7212556DF6500B5483A /* Extensions */ = {
			isa = PBXGroup;
			children = (
				E2B3E7222556DF8000B5483A /* URLRequest+Headers.swift */,
				E2B3E72A2556DFA300B5483A /* Dictionary+Format.swift */,
				E2B3E72F2556DFD200B5483A /* CharacterSet+Filtering.swift */,
				E28B52A625570CCF00389043 /* UIView+Layout.swift */,
				E2641BD62557C04900675868 /* String+HTML.swift */,
				E2641BE82557C55500675868 /* UIImageView+Kingfisher.swift */,
				E2641C012557C90100675868 /* String+Localized.swift */,
				E2641C0E2557CDE300675868 /* UITableView+Register.swift */,
				E2ADF9FF2873F18E00987D4D /* UICollectionView+Register.swift */,
			);
			path = Extensions;
			sourceTree = "<group>";
		};
		E2B3E7342556DFFD00B5483A /* FeedResults */ = {
			isa = PBXGroup;
			children = (
				E2B3E73B2556E10700B5483A /* JobsResult.swift */,
			);
			path = FeedResults;
			sourceTree = "<group>";
		};
		E2B3E7352556E00D00B5483A /* Entities */ = {
			isa = PBXGroup;
			children = (
				E2B3E7362556E01400B5483A /* Job.swift */,
			);
			path = Entities;
			sourceTree = "<group>";
		};
		E2B8E4042634DCA80086D581 /* Section */ = {
			isa = PBXGroup;
			children = (
				E2673B1D25578A5E00727460 /* JobDetailSectionView.swift */,
			);
			path = Section;
			sourceTree = "<group>";
		};
		E2F570A528979DE900A67593 /* Theming */ = {
			isa = PBXGroup;
			children = (
				E2F570A628979DE900A67593 /* ThemeManager.swift */,
				E2F570A728979DE900A67593 /* ThemeManagerProtocol.swift */,
				E2F570A828979DE900A67593 /* Theme.swift */,
			);
			path = Theming;
			sourceTree = "<group>";
		};
/* End PBXGroup section */

/* Begin PBXNativeTarget section */
		E2B3E6AA2556D67400B5483A /* GithubJobs */ = {
			isa = PBXNativeTarget;
			buildConfigurationList = E2B3E6D52556D67700B5483A /* Build configuration list for PBXNativeTarget "GithubJobs" */;
			buildPhases = (
				E24608AA263BBC6000AFB65F /* ShellScript */,
				E2B3E6A72556D67400B5483A /* Sources */,
				E2B3E6A82556D67400B5483A /* Frameworks */,
				E2B3E6A92556D67400B5483A /* Resources */,
			);
			buildRules = (
			);
			dependencies = (
			);
			name = GithubJobs;
			packageProductDependencies = (
				E29456C2263E6CA70011AF68 /* KingfisherStatic */,
			);
			productName = GithubJobs;
			productReference = E2B3E6AB2556D67400B5483A /* GithubJobs.app */;
			productType = "com.apple.product-type.application";
		};
		E2B3E6C02556D67700B5483A /* GithubJobsTests */ = {
			isa = PBXNativeTarget;
			buildConfigurationList = E2B3E6D82556D67800B5483A /* Build configuration list for PBXNativeTarget "GithubJobsTests" */;
			buildPhases = (
				E2B3E6BD2556D67700B5483A /* Sources */,
				E2B3E6BE2556D67700B5483A /* Frameworks */,
				E2B3E6BF2556D67700B5483A /* Resources */,
			);
			buildRules = (
			);
			dependencies = (
				E2B3E6C32556D67700B5483A /* PBXTargetDependency */,
			);
			name = GithubJobsTests;
			productName = GithubJobsTests;
			productReference = E2B3E6C12556D67700B5483A /* GithubJobsTests.xctest */;
			productType = "com.apple.product-type.bundle.unit-test";
		};
		E2B3E6CB2556D67700B5483A /* GithubJobsUITests */ = {
			isa = PBXNativeTarget;
			buildConfigurationList = E2B3E6DB2556D67800B5483A /* Build configuration list for PBXNativeTarget "GithubJobsUITests" */;
			buildPhases = (
				E2B3E6C82556D67700B5483A /* Sources */,
				E2B3E6C92556D67700B5483A /* Frameworks */,
				E2B3E6CA2556D67700B5483A /* Resources */,
			);
			buildRules = (
			);
			dependencies = (
				E2B3E6CE2556D67700B5483A /* PBXTargetDependency */,
			);
			name = GithubJobsUITests;
			productName = GithubJobsUITests;
			productReference = E2B3E6CC2556D67700B5483A /* GithubJobsUITests.xctest */;
			productType = "com.apple.product-type.bundle.ui-testing";
		};
/* End PBXNativeTarget section */

/* Begin PBXProject section */
		E2B3E6A32556D67400B5483A /* Project object */ = {
			isa = PBXProject;
			attributes = {
				LastSwiftUpdateCheck = 1210;
				LastUpgradeCheck = 1210;
				TargetAttributes = {
					E2B3E6AA2556D67400B5483A = {
						CreatedOnToolsVersion = 12.1;
					};
					E2B3E6C02556D67700B5483A = {
						CreatedOnToolsVersion = 12.1;
						TestTargetID = E2B3E6AA2556D67400B5483A;
					};
					E2B3E6CB2556D67700B5483A = {
						CreatedOnToolsVersion = 12.1;
						TestTargetID = E2B3E6AA2556D67400B5483A;
					};
				};
			};
			buildConfigurationList = E2B3E6A62556D67400B5483A /* Build configuration list for PBXProject "GithubJobs" */;
			compatibilityVersion = "Xcode 9.3";
			developmentRegion = en;
			hasScannedForEncodings = 0;
			knownRegions = (
				en,
				Base,
				"es-419",
			);
			mainGroup = E2B3E6A22556D67400B5483A;
			packageReferences = (
				E29456C1263E6CA70011AF68 /* XCRemoteSwiftPackageReference "Kingfisher" */,
				E29456DC263E709F0011AF68 /* XCRemoteSwiftPackageReference "SwiftLint" */,
			);
			productRefGroup = E2B3E6AC2556D67400B5483A /* Products */;
			projectDirPath = "";
			projectRoot = "";
			targets = (
				E2B3E6AA2556D67400B5483A /* GithubJobs */,
				E2B3E6C02556D67700B5483A /* GithubJobsTests */,
				E2B3E6CB2556D67700B5483A /* GithubJobsUITests */,
			);
		};
/* End PBXProject section */

/* Begin PBXResourcesBuildPhase section */
		E2B3E6A92556D67400B5483A /* Resources */ = {
			isa = PBXResourcesBuildPhase;
			buildActionMask = 2147483647;
			files = (
				E2B3E6BB2556D67700B5483A /* LaunchScreen.storyboard in Resources */,
				E2641BF22557C82900675868 /* Localizable.strings in Resources */,
				E2B3E6B82556D67700B5483A /* Assets.xcassets in Resources */,
			);
			runOnlyForDeploymentPostprocessing = 0;
		};
		E2B3E6BF2556D67700B5483A /* Resources */ = {
			isa = PBXResourcesBuildPhase;
			buildActionMask = 2147483647;
			files = (
			);
			runOnlyForDeploymentPostprocessing = 0;
		};
		E2B3E6CA2556D67700B5483A /* Resources */ = {
			isa = PBXResourcesBuildPhase;
			buildActionMask = 2147483647;
			files = (
			);
			runOnlyForDeploymentPostprocessing = 0;
		};
/* End PBXResourcesBuildPhase section */

/* Begin PBXShellScriptBuildPhase section */
		E24608AA263BBC6000AFB65F /* ShellScript */ = {
			isa = PBXShellScriptBuildPhase;
			buildActionMask = 2147483647;
			files = (
			);
			inputFileListPaths = (
			);
			inputPaths = (
			);
			outputFileListPaths = (
			);
			outputPaths = (
			);
			runOnlyForDeploymentPostprocessing = 0;
			shellPath = /bin/sh;
			shellScript = "if which swiftlint >/dev/null; then\n  swiftlint\nelse\n  echo \"warning: SwiftLint not installed, download from https://github.com/realm/SwiftLint\"\nfi\n";
		};
/* End PBXShellScriptBuildPhase section */

/* Begin PBXSourcesBuildPhase section */
		E2B3E6A72556D67400B5483A /* Sources */ = {
			isa = PBXSourcesBuildPhase;
			buildActionMask = 2147483647;
			files = (
				E2641C142557CE1200675868 /* Dequeuable.swift in Sources */,
				E21AEC382556E35100A85639 /* JobsViewModel.swift in Sources */,
				E28B52AC25570CF000389043 /* FontHelper.swift in Sources */,
				E2673B04255782F000727460 /* JobsCoordinator.swift in Sources */,
				E2B3E6EA2556D7BA00B5483A /* JobsViewController.swift in Sources */,
				E2B3E73C2556E10700B5483A /* JobsResult.swift in Sources */,
				E2673AE925577A2300727460 /* TableViewDataSourcePrefetching.swift in Sources */,
				E2673B1925578A3200727460 /* JobDetailHeaderView.swift in Sources */,
				E2792433264786E000891120 /* MainSplitViewController.swift in Sources */,
				E286A328288D0C6D004ACF5D /* SettingsCoordinator.swift in Sources */,
				E2CC32482877DFF500345569 /* ThemeSelectionViewModel.swift in Sources */,
				E2A13FE6286D5C75001BC83D /* ViewController.swift in Sources */,
				E2B2C8DC288BC39800522186 /* SplitViewController.swift in Sources */,
				E2673B132557877F00727460 /* JobDetailViewModel.swift in Sources */,
				E2B3E7012556DCB900B5483A /* APIClient.swift in Sources */,
				E28B529A25570C3F00389043 /* LoadingFooterView.swift in Sources */,
				E2673AFA255781A800727460 /* JobDetailViewController.swift in Sources */,
				E2673B0E2557872E00727460 /* JobDetailCoordinator.swift in Sources */,
				E21AEC2B2556E1D000A85639 /* JobClient.swift in Sources */,
				E28B52A725570CCF00389043 /* UIView+Layout.swift in Sources */,
				E2E18208288FAAC50096BA7B /* SettingsSection.swift in Sources */,
				E2B3E72B2556DFA300B5483A /* Dictionary+Format.swift in Sources */,
				E261F94A25583CBA00DBC582 /* BackgroundCurvedView.swift in Sources */,
				E2F570AA28979DE900A67593 /* ThemeManagerProtocol.swift in Sources */,
				E2B3E7372556E01400B5483A /* Job.swift in Sources */,
				E286A32A288D0C79004ACF5D /* SettingsProtocols.swift in Sources */,
				E2ADF9F72873EBB800987D4D /* ThemeSelectionSectionHeaderView.swift in Sources */,
				E2673AE425577A0B00727460 /* DataSourcePrefetching.swift in Sources */,
				E2641C022557C90100675868 /* String+Localized.swift in Sources */,
				E2ADF9FA2873ECBD00987D4D /* ThemeSelectionViewController.swift in Sources */,
				E28B5294255700F100389043 /* JobsViewState.swift in Sources */,
				E2B3E7162556DDD200B5483A /* Endpoint.swift in Sources */,
				E2641C0F2557CDE300675868 /* UITableView+Register.swift in Sources */,
				E2F570A928979DE900A67593 /* ThemeManager.swift in Sources */,
				E2ADF9FC2873ECD500987D4D /* ThemeSelectionProtocols.swift in Sources */,
				E28B52B72557215600389043 /* JobCellViewModel.swift in Sources */,
				E26B97802876976D00C6D197 /* ThemeSelectionSection.swift in Sources */,
				E2673AF42557817B00727460 /* JobsProtocols.swift in Sources */,
				E261EF2A28A30F3400F577AD /* UIViewController+Theme.swift in Sources */,
				E2641BD22557AA9100675868 /* JobDetailViewState.swift in Sources */,
				E28B52A225570C9000389043 /* CustomFooterView.swift in Sources */,
				E289EFC92635170800A60609 /* UserDefaultsStorage.swift in Sources */,
				E2B3E6F82556DAE100B5483A /* JobTableViewCell.swift in Sources */,
				E21AEC3E2556E3B800A85639 /* JobClientProtocol.swift in Sources */,
				E2609A36255836E5008002BA /* JobDetailHeaderViewModel.swift in Sources */,
				E2673B1E25578A5E00727460 /* JobDetailSectionView.swift in Sources */,
				E21AEC332556E1E600A85639 /* JobProvider.swift in Sources */,
				E281527F2889047B000A5C55 /* ThemeSelectionItemModel.swift in Sources */,
				E2ADFA002873F18E00987D4D /* UICollectionView+Register.swift in Sources */,
				E2B3E7112556DDB600B5483A /* Descriptable.swift in Sources */,
				E2641BD72557C04900675868 /* String+HTML.swift in Sources */,
				E2673B09255786F000727460 /* JobDetailProtocols.swift in Sources */,
				E2641BFD2557C8AE00675868 /* LocalizedStrings.swift in Sources */,
				E2641BE92557C55500675868 /* UIImageView+Kingfisher.swift in Sources */,
				E27924352647873800891120 /* EmptyDetailViewController.swift in Sources */,
				E286A324288D0C54004ACF5D /* SettingsViewController.swift in Sources */,
				E2673AFF2557823F00727460 /* Coordinator.swift in Sources */,
				E2E18206288FAA790096BA7B /* SettingsItemModel.swift in Sources */,
				E2B3E70A2556DD5700B5483A /* APIError.swift in Sources */,
				E2F570AB28979DE900A67593 /* Theme.swift in Sources */,
				E2B3E6AF2556D67400B5483A /* AppDelegate.swift in Sources */,
				E28B52B225570D2B00389043 /* TableViewCellAnimator.swift in Sources */,
				E2B3E6B12556D67400B5483A /* SceneDelegate.swift in Sources */,
				E2B3E7232556DF8000B5483A /* URLRequest+Headers.swift in Sources */,
				E27138AA2782384400E6F501 /* JobsInteractor.swift in Sources */,
				E2B3E7302556DFD200B5483A /* CharacterSet+Filtering.swift in Sources */,
				E2ADF9FE2873ECE200987D4D /* ThemeSelectionCoordinator.swift in Sources */,
				E286A326288D0C63004ACF5D /* SettingsViewModel.swift in Sources */,
			);
			runOnlyForDeploymentPostprocessing = 0;
		};
		E2B3E6BD2556D67700B5483A /* Sources */ = {
			isa = PBXSourcesBuildPhase;
			buildActionMask = 2147483647;
			files = (
				E23930DE25585D8000E7C4ED /* JobDetailTests.swift in Sources */,
				E2641C072557CB1E00675868 /* JobsTests.swift in Sources */,
				E26FD26C2784088A00AAEBCD /* MockJobsInteractor.swift in Sources */,
				E27E9CBD2558463A00210D1C /* Job+MockInitializer.swift in Sources */,
			);
			runOnlyForDeploymentPostprocessing = 0;
		};
		E2B3E6C82556D67700B5483A /* Sources */ = {
			isa = PBXSourcesBuildPhase;
			buildActionMask = 2147483647;
			files = (
				E2B3E6D12556D67700B5483A /* GithubJobsUITests.swift in Sources */,
			);
			runOnlyForDeploymentPostprocessing = 0;
		};
/* End PBXSourcesBuildPhase section */

/* Begin PBXTargetDependency section */
		E2B3E6C32556D67700B5483A /* PBXTargetDependency */ = {
			isa = PBXTargetDependency;
			target = E2B3E6AA2556D67400B5483A /* GithubJobs */;
			targetProxy = E2B3E6C22556D67700B5483A /* PBXContainerItemProxy */;
		};
		E2B3E6CE2556D67700B5483A /* PBXTargetDependency */ = {
			isa = PBXTargetDependency;
			target = E2B3E6AA2556D67400B5483A /* GithubJobs */;
			targetProxy = E2B3E6CD2556D67700B5483A /* PBXContainerItemProxy */;
		};
/* End PBXTargetDependency section */

/* Begin PBXVariantGroup section */
		E2641BF42557C82900675868 /* Localizable.strings */ = {
			isa = PBXVariantGroup;
			children = (
				E2641BF32557C82900675868 /* en */,
				E2641BF82557C85E00675868 /* es-419 */,
			);
			name = Localizable.strings;
			sourceTree = "<group>";
		};
		E2B3E6B92556D67700B5483A /* LaunchScreen.storyboard */ = {
			isa = PBXVariantGroup;
			children = (
				E2B3E6BA2556D67700B5483A /* Base */,
			);
			name = LaunchScreen.storyboard;
			sourceTree = "<group>";
		};
/* End PBXVariantGroup section */

/* Begin XCBuildConfiguration section */
		E2B3E6D32556D67700B5483A /* Debug */ = {
			isa = XCBuildConfiguration;
			buildSettings = {
				ALWAYS_SEARCH_USER_PATHS = NO;
				CLANG_ANALYZER_LOCALIZABILITY_NONLOCALIZED = YES;
				CLANG_ANALYZER_NONNULL = YES;
				CLANG_ANALYZER_NUMBER_OBJECT_CONVERSION = YES_AGGRESSIVE;
				CLANG_CXX_LANGUAGE_STANDARD = "gnu++14";
				CLANG_CXX_LIBRARY = "libc++";
				CLANG_ENABLE_MODULES = YES;
				CLANG_ENABLE_OBJC_ARC = YES;
				CLANG_ENABLE_OBJC_WEAK = YES;
				CLANG_WARN_BLOCK_CAPTURE_AUTORELEASING = YES;
				CLANG_WARN_BOOL_CONVERSION = YES;
				CLANG_WARN_COMMA = YES;
				CLANG_WARN_CONSTANT_CONVERSION = YES;
				CLANG_WARN_DEPRECATED_OBJC_IMPLEMENTATIONS = YES;
				CLANG_WARN_DIRECT_OBJC_ISA_USAGE = YES_ERROR;
				CLANG_WARN_DOCUMENTATION_COMMENTS = YES;
				CLANG_WARN_EMPTY_BODY = YES;
				CLANG_WARN_ENUM_CONVERSION = YES;
				CLANG_WARN_INFINITE_RECURSION = YES;
				CLANG_WARN_INT_CONVERSION = YES;
				CLANG_WARN_NON_LITERAL_NULL_CONVERSION = YES;
				CLANG_WARN_OBJC_IMPLICIT_RETAIN_SELF = YES;
				CLANG_WARN_OBJC_LITERAL_CONVERSION = YES;
				CLANG_WARN_OBJC_ROOT_CLASS = YES_ERROR;
				CLANG_WARN_QUOTED_INCLUDE_IN_FRAMEWORK_HEADER = YES;
				CLANG_WARN_RANGE_LOOP_ANALYSIS = YES;
				CLANG_WARN_STRICT_PROTOTYPES = YES;
				CLANG_WARN_SUSPICIOUS_MOVE = YES;
				CLANG_WARN_UNGUARDED_AVAILABILITY = YES_AGGRESSIVE;
				CLANG_WARN_UNREACHABLE_CODE = YES;
				CLANG_WARN__DUPLICATE_METHOD_MATCH = YES;
				COPY_PHASE_STRIP = NO;
				DEBUG_INFORMATION_FORMAT = dwarf;
				ENABLE_STRICT_OBJC_MSGSEND = YES;
				ENABLE_TESTABILITY = YES;
				GCC_C_LANGUAGE_STANDARD = gnu11;
				GCC_DYNAMIC_NO_PIC = NO;
				GCC_NO_COMMON_BLOCKS = YES;
				GCC_OPTIMIZATION_LEVEL = 0;
				GCC_PREPROCESSOR_DEFINITIONS = (
					"DEBUG=1",
					"$(inherited)",
				);
				GCC_WARN_64_TO_32_BIT_CONVERSION = YES;
				GCC_WARN_ABOUT_RETURN_TYPE = YES_ERROR;
				GCC_WARN_UNDECLARED_SELECTOR = YES;
				GCC_WARN_UNINITIALIZED_AUTOS = YES_AGGRESSIVE;
				GCC_WARN_UNUSED_FUNCTION = YES;
				GCC_WARN_UNUSED_VARIABLE = YES;
				IPHONEOS_DEPLOYMENT_TARGET = 14.1;
				MTL_ENABLE_DEBUG_INFO = INCLUDE_SOURCE;
				MTL_FAST_MATH = YES;
				ONLY_ACTIVE_ARCH = YES;
				SDKROOT = iphoneos;
				SWIFT_ACTIVE_COMPILATION_CONDITIONS = DEBUG;
				SWIFT_OPTIMIZATION_LEVEL = "-Onone";
			};
			name = Debug;
		};
		E2B3E6D42556D67700B5483A /* Release */ = {
			isa = XCBuildConfiguration;
			buildSettings = {
				ALWAYS_SEARCH_USER_PATHS = NO;
				CLANG_ANALYZER_LOCALIZABILITY_NONLOCALIZED = YES;
				CLANG_ANALYZER_NONNULL = YES;
				CLANG_ANALYZER_NUMBER_OBJECT_CONVERSION = YES_AGGRESSIVE;
				CLANG_CXX_LANGUAGE_STANDARD = "gnu++14";
				CLANG_CXX_LIBRARY = "libc++";
				CLANG_ENABLE_MODULES = YES;
				CLANG_ENABLE_OBJC_ARC = YES;
				CLANG_ENABLE_OBJC_WEAK = YES;
				CLANG_WARN_BLOCK_CAPTURE_AUTORELEASING = YES;
				CLANG_WARN_BOOL_CONVERSION = YES;
				CLANG_WARN_COMMA = YES;
				CLANG_WARN_CONSTANT_CONVERSION = YES;
				CLANG_WARN_DEPRECATED_OBJC_IMPLEMENTATIONS = YES;
				CLANG_WARN_DIRECT_OBJC_ISA_USAGE = YES_ERROR;
				CLANG_WARN_DOCUMENTATION_COMMENTS = YES;
				CLANG_WARN_EMPTY_BODY = YES;
				CLANG_WARN_ENUM_CONVERSION = YES;
				CLANG_WARN_INFINITE_RECURSION = YES;
				CLANG_WARN_INT_CONVERSION = YES;
				CLANG_WARN_NON_LITERAL_NULL_CONVERSION = YES;
				CLANG_WARN_OBJC_IMPLICIT_RETAIN_SELF = YES;
				CLANG_WARN_OBJC_LITERAL_CONVERSION = YES;
				CLANG_WARN_OBJC_ROOT_CLASS = YES_ERROR;
				CLANG_WARN_QUOTED_INCLUDE_IN_FRAMEWORK_HEADER = YES;
				CLANG_WARN_RANGE_LOOP_ANALYSIS = YES;
				CLANG_WARN_STRICT_PROTOTYPES = YES;
				CLANG_WARN_SUSPICIOUS_MOVE = YES;
				CLANG_WARN_UNGUARDED_AVAILABILITY = YES_AGGRESSIVE;
				CLANG_WARN_UNREACHABLE_CODE = YES;
				CLANG_WARN__DUPLICATE_METHOD_MATCH = YES;
				COPY_PHASE_STRIP = NO;
				DEBUG_INFORMATION_FORMAT = "dwarf-with-dsym";
				ENABLE_NS_ASSERTIONS = NO;
				ENABLE_STRICT_OBJC_MSGSEND = YES;
				GCC_C_LANGUAGE_STANDARD = gnu11;
				GCC_NO_COMMON_BLOCKS = YES;
				GCC_WARN_64_TO_32_BIT_CONVERSION = YES;
				GCC_WARN_ABOUT_RETURN_TYPE = YES_ERROR;
				GCC_WARN_UNDECLARED_SELECTOR = YES;
				GCC_WARN_UNINITIALIZED_AUTOS = YES_AGGRESSIVE;
				GCC_WARN_UNUSED_FUNCTION = YES;
				GCC_WARN_UNUSED_VARIABLE = YES;
				IPHONEOS_DEPLOYMENT_TARGET = 14.1;
				MTL_ENABLE_DEBUG_INFO = NO;
				MTL_FAST_MATH = YES;
				SDKROOT = iphoneos;
				SWIFT_COMPILATION_MODE = wholemodule;
				SWIFT_OPTIMIZATION_LEVEL = "-O";
				VALIDATE_PRODUCT = YES;
			};
			name = Release;
		};
		E2B3E6D62556D67700B5483A /* Debug */ = {
			isa = XCBuildConfiguration;
			buildSettings = {
				ASSETCATALOG_COMPILER_APPICON_NAME = AppIcon;
				ASSETCATALOG_COMPILER_GLOBAL_ACCENT_COLOR_NAME = AccentColor;
				CODE_SIGN_ENTITLEMENTS = GithubJobs/GithubJobs.entitlements;
				CODE_SIGN_STYLE = Automatic;
				DEVELOPMENT_TEAM = E95KU8J3PN;
				INFOPLIST_FILE = GithubJobs/Info.plist;
				IPHONEOS_DEPLOYMENT_TARGET = 14.0;
				LD_RUNPATH_SEARCH_PATHS = (
					"$(inherited)",
					"@executable_path/Frameworks",
				);
				PRODUCT_BUNDLE_IDENTIFIER = com.Alonso.GithubJobs.Dev;
				PRODUCT_NAME = "$(TARGET_NAME)";
				SUPPORTS_MACCATALYST = YES;
				SWIFT_VERSION = 5.0;
				TARGETED_DEVICE_FAMILY = "1,2";
			};
			name = Debug;
		};
		E2B3E6D72556D67700B5483A /* Release */ = {
			isa = XCBuildConfiguration;
			buildSettings = {
				ASSETCATALOG_COMPILER_APPICON_NAME = AppIcon;
				ASSETCATALOG_COMPILER_GLOBAL_ACCENT_COLOR_NAME = AccentColor;
				CODE_SIGN_ENTITLEMENTS = GithubJobs/GithubJobs.entitlements;
				CODE_SIGN_STYLE = Automatic;
				DEVELOPMENT_TEAM = E95KU8J3PN;
				INFOPLIST_FILE = GithubJobs/Info.plist;
				IPHONEOS_DEPLOYMENT_TARGET = 14.0;
				LD_RUNPATH_SEARCH_PATHS = (
					"$(inherited)",
					"@executable_path/Frameworks",
				);
				PRODUCT_BUNDLE_IDENTIFIER = com.Alonso.GithubJobs.Dev;
				PRODUCT_NAME = "$(TARGET_NAME)";
				SUPPORTS_MACCATALYST = YES;
				SWIFT_VERSION = 5.0;
				TARGETED_DEVICE_FAMILY = "1,2";
			};
			name = Release;
		};
		E2B3E6D92556D67800B5483A /* Debug */ = {
			isa = XCBuildConfiguration;
			buildSettings = {
				BUNDLE_LOADER = "$(TEST_HOST)";
				CODE_SIGN_STYLE = Automatic;
				DEVELOPMENT_TEAM = E95KU8J3PN;
				INFOPLIST_FILE = GithubJobsTests/Info.plist;
				IPHONEOS_DEPLOYMENT_TARGET = 14.1;
				LD_RUNPATH_SEARCH_PATHS = (
					"$(inherited)",
					"@executable_path/Frameworks",
					"@loader_path/Frameworks",
				);
				PRODUCT_BUNDLE_IDENTIFIER = com.Alonso.GithubJobsTests;
				PRODUCT_NAME = "$(TARGET_NAME)";
				SWIFT_VERSION = 5.0;
				TARGETED_DEVICE_FAMILY = "1,2";
				TEST_HOST = "$(BUILT_PRODUCTS_DIR)/GithubJobs.app/GithubJobs";
			};
			name = Debug;
		};
		E2B3E6DA2556D67800B5483A /* Release */ = {
			isa = XCBuildConfiguration;
			buildSettings = {
				BUNDLE_LOADER = "$(TEST_HOST)";
				CODE_SIGN_STYLE = Automatic;
				DEVELOPMENT_TEAM = E95KU8J3PN;
				INFOPLIST_FILE = GithubJobsTests/Info.plist;
				IPHONEOS_DEPLOYMENT_TARGET = 14.1;
				LD_RUNPATH_SEARCH_PATHS = (
					"$(inherited)",
					"@executable_path/Frameworks",
					"@loader_path/Frameworks",
				);
				PRODUCT_BUNDLE_IDENTIFIER = com.Alonso.GithubJobsTests;
				PRODUCT_NAME = "$(TARGET_NAME)";
				SWIFT_VERSION = 5.0;
				TARGETED_DEVICE_FAMILY = "1,2";
				TEST_HOST = "$(BUILT_PRODUCTS_DIR)/GithubJobs.app/GithubJobs";
			};
			name = Release;
		};
		E2B3E6DC2556D67800B5483A /* Debug */ = {
			isa = XCBuildConfiguration;
			buildSettings = {
				CODE_SIGN_STYLE = Automatic;
				DEVELOPMENT_TEAM = E95KU8J3PN;
				INFOPLIST_FILE = GithubJobsUITests/Info.plist;
				LD_RUNPATH_SEARCH_PATHS = (
					"$(inherited)",
					"@executable_path/Frameworks",
					"@loader_path/Frameworks",
				);
				PRODUCT_BUNDLE_IDENTIFIER = com.Alonso.GithubJobsUITests;
				PRODUCT_NAME = "$(TARGET_NAME)";
				SWIFT_VERSION = 5.0;
				TARGETED_DEVICE_FAMILY = "1,2";
				TEST_TARGET_NAME = GithubJobs;
			};
			name = Debug;
		};
		E2B3E6DD2556D67800B5483A /* Release */ = {
			isa = XCBuildConfiguration;
			buildSettings = {
				CODE_SIGN_STYLE = Automatic;
				DEVELOPMENT_TEAM = E95KU8J3PN;
				INFOPLIST_FILE = GithubJobsUITests/Info.plist;
				LD_RUNPATH_SEARCH_PATHS = (
					"$(inherited)",
					"@executable_path/Frameworks",
					"@loader_path/Frameworks",
				);
				PRODUCT_BUNDLE_IDENTIFIER = com.Alonso.GithubJobsUITests;
				PRODUCT_NAME = "$(TARGET_NAME)";
				SWIFT_VERSION = 5.0;
				TARGETED_DEVICE_FAMILY = "1,2";
				TEST_TARGET_NAME = GithubJobs;
			};
			name = Release;
		};
/* End XCBuildConfiguration section */

/* Begin XCConfigurationList section */
		E2B3E6A62556D67400B5483A /* Build configuration list for PBXProject "GithubJobs" */ = {
			isa = XCConfigurationList;
			buildConfigurations = (
				E2B3E6D32556D67700B5483A /* Debug */,
				E2B3E6D42556D67700B5483A /* Release */,
			);
			defaultConfigurationIsVisible = 0;
			defaultConfigurationName = Release;
		};
		E2B3E6D52556D67700B5483A /* Build configuration list for PBXNativeTarget "GithubJobs" */ = {
			isa = XCConfigurationList;
			buildConfigurations = (
				E2B3E6D62556D67700B5483A /* Debug */,
				E2B3E6D72556D67700B5483A /* Release */,
			);
			defaultConfigurationIsVisible = 0;
			defaultConfigurationName = Release;
		};
		E2B3E6D82556D67800B5483A /* Build configuration list for PBXNativeTarget "GithubJobsTests" */ = {
			isa = XCConfigurationList;
			buildConfigurations = (
				E2B3E6D92556D67800B5483A /* Debug */,
				E2B3E6DA2556D67800B5483A /* Release */,
			);
			defaultConfigurationIsVisible = 0;
			defaultConfigurationName = Release;
		};
		E2B3E6DB2556D67800B5483A /* Build configuration list for PBXNativeTarget "GithubJobsUITests" */ = {
			isa = XCConfigurationList;
			buildConfigurations = (
				E2B3E6DC2556D67800B5483A /* Debug */,
				E2B3E6DD2556D67800B5483A /* Release */,
			);
			defaultConfigurationIsVisible = 0;
			defaultConfigurationName = Release;
		};
/* End XCConfigurationList section */

/* Begin XCRemoteSwiftPackageReference section */
		E29456C1263E6CA70011AF68 /* XCRemoteSwiftPackageReference "Kingfisher" */ = {
			isa = XCRemoteSwiftPackageReference;
			repositoryURL = "https://github.com/onevcat/Kingfisher.git";
			requirement = {
				kind = upToNextMajorVersion;
				minimumVersion = 5.13.0;
			};
		};
		E29456DC263E709F0011AF68 /* XCRemoteSwiftPackageReference "SwiftLint" */ = {
			isa = XCRemoteSwiftPackageReference;
			repositoryURL = "https://github.com/realm/SwiftLint.git";
			requirement = {
				kind = upToNextMajorVersion;
				minimumVersion = 0.43.1;
			};
		};
/* End XCRemoteSwiftPackageReference section */

/* Begin XCSwiftPackageProductDependency section */
		E29456C2263E6CA70011AF68 /* KingfisherStatic */ = {
			isa = XCSwiftPackageProductDependency;
			package = E29456C1263E6CA70011AF68 /* XCRemoteSwiftPackageReference "Kingfisher" */;
			productName = KingfisherStatic;
		};
/* End XCSwiftPackageProductDependency section */
	};
	rootObject = E2B3E6A32556D67400B5483A /* Project object */;
}
